
Microsoft Visual Studio Solution File, Format Version 12.00
# Visual Studio 15
VisualStudioVersion = 15.0.28307.271
MinimumVisualStudioVersion = 10.0.40219.1
Project("{FAE04EC0-301F-11D3-BF4B-00C04F79EFBC}") = "GameAIProgrammingExercise1", "GameAIProgrammingExercise1\GameAIProgrammingExercise1.csproj", "{3DF550A1-3EC0-4B1C-AEE4-7982771B8CBC}"
EndProject
Global
	GlobalSection(SolutionConfigurationPlatforms) = preSolution
		Debug|Any CPU = Debug|Any CPU
		Release|Any CPU = Release|Any CPU
	EndGlobalSection
	GlobalSection(ProjectConfigurationPlatforms) = postSolution
		{3DF550A1-3EC0-4B1C-AEE4-7982771B8CBC}.Debug|Any CPU.ActiveCfg = Debug|Any CPU
		{3DF550A1-3EC0-4B1C-AEE4-7982771B8CBC}.Debug|Any CPU.Build.0 = Debug|Any CPU
		{3DF550A1-3EC0-4B1C-AEE4-7982771B8CBC}.Release|Any CPU.ActiveCfg = Release|Any CPU
		{3DF550A1-3EC0-4B1C-AEE4-7982771B8CBC}.Release|Any CPU.Build.0 = Release|Any CPU
	EndGlobalSection
	GlobalSection(SolutionProperties) = preSolution
		HideSolutionNode = FALSE
	EndGlobalSection
	GlobalSection(ExtensibilityGlobals) = postSolution
		SolutionGuid = {DA006719-87F9-4820-9F6C-8F740B2CB95D}
	EndGlobalSection
EndGlobal
